# This file is @generated by PDM.
# It is not intended for manual editing.

[metadata]
groups = ["default"]
strategy = ["cross_platform", "inherit_metadata"]
lock_version = "4.4.1"
content_hash = "sha256:b77b659efdadfa445c701a0f4873c3279db2294872dd33cf2870d5e6a0d453a5"

[[package]]
name = "grpcio"
version = "1.64.1"
requires_python = ">=3.8"
summary = "HTTP/2-based RPC framework"
groups = ["default"]
files = [
    {file = "grpcio-1.64.1-cp312-cp312-linux_armv7l.whl", hash = "sha256:4657d24c8063e6095f850b68f2d1ba3b39f2b287a38242dcabc166453e950c59"},
    {file = "grpcio-1.64.1-cp312-cp312-macosx_10_9_universal2.whl", hash = "sha256:62b4e6eb7bf901719fce0ca83e3ed474ae5022bb3827b0a501e056458c51c0a1"},
    {file = "grpcio-1.64.1-cp312-cp312-manylinux_2_17_aarch64.whl", hash = "sha256:ee73a2f5ca4ba44fa33b4d7d2c71e2c8a9e9f78d53f6507ad68e7d2ad5f64a22"},
    {file = "grpcio-1.64.1-cp312-cp312-manylinux_2_17_i686.manylinux2014_i686.whl", hash = "sha256:198908f9b22e2672a998870355e226a725aeab327ac4e6ff3a1399792ece4762"},
    {file = "grpcio-1.64.1-cp312-cp312-manylinux_2_17_x86_64.manylinux2014_x86_64.whl", hash = "sha256:39b9d0acaa8d835a6566c640f48b50054f422d03e77e49716d4c4e8e279665a1"},
    {file = "grpcio-1.64.1-cp312-cp312-musllinux_1_1_i686.whl", hash = "sha256:5e42634a989c3aa6049f132266faf6b949ec2a6f7d302dbb5c15395b77d757eb"},
    {file = "grpcio-1.64.1-cp312-cp312-musllinux_1_1_x86_64.whl", hash = "sha256:b1a82e0b9b3022799c336e1fc0f6210adc019ae84efb7321d668129d28ee1efb"},
    {file = "grpcio-1.64.1-cp312-cp312-win32.whl", hash = "sha256:55260032b95c49bee69a423c2f5365baa9369d2f7d233e933564d8a47b893027"},
    {file = "grpcio-1.64.1-cp312-cp312-win_amd64.whl", hash = "sha256:c1a786ac592b47573a5bb7e35665c08064a5d77ab88a076eec11f8ae86b3e3f6"},
    {file = "grpcio-1.64.1.tar.gz", hash = "sha256:8d51dd1c59d5fa0f34266b80a3805ec29a1f26425c2a54736133f6d87fc4968a"},
]

[[package]]
name = "grpcio-tools"
version = "1.64.1"
requires_python = ">=3.8"
summary = "Protobuf code generator for gRPC"
groups = ["default"]
dependencies = [
    "grpcio>=1.64.1",
    "protobuf<6.0dev,>=5.26.1",
    "setuptools",
]
files = [
    {file = "grpcio_tools-1.64.1-cp312-cp312-linux_armv7l.whl", hash = "sha256:acf9a8bce188bb760c138327a89f64be8bbeb062634d151c77bbcd138d60bdc6"},
    {file = "grpcio_tools-1.64.1-cp312-cp312-macosx_10_9_universal2.whl", hash = "sha256:8c7d0633b1177fafaeb76e9b0c7b8b14221eb1086874a79925879b298843f8a0"},
    {file = "grpcio_tools-1.64.1-cp312-cp312-manylinux_2_17_aarch64.whl", hash = "sha256:35efe38dd8cc5e05f44e67bcc2ae40f461862549b5d2590c1b644c5d4d93c390"},
    {file = "grpcio_tools-1.64.1-cp312-cp312-manylinux_2_17_i686.manylinux2014_i686.whl", hash = "sha256:e28cfaede2a243452252c94b72378f1d939b786689cb11d218fdae6a8421940f"},
    {file = "grpcio_tools-1.64.1-cp312-cp312-manylinux_2_17_x86_64.manylinux2014_x86_64.whl", hash = "sha256:6711f3e3fbfae9313e15f9abc47241d881772f3fb4e4d0257918bff24363139e"},
    {file = "grpcio_tools-1.64.1-cp312-cp312-musllinux_1_1_i686.whl", hash = "sha256:be39db97d13f3bd0b2ff9bf8d0e68f590f4877cf2c4db201a2f9d4d39724e137"},
    {file = "grpcio_tools-1.64.1-cp312-cp312-musllinux_1_1_x86_64.whl", hash = "sha256:22efb9a167da6fd051c76f1a00c4275b5d15e8b7842364c84dc4cc88def8fd4c"},
    {file = "grpcio_tools-1.64.1-cp312-cp312-win32.whl", hash = "sha256:d9a470f9e72bccc8994b025fa40cb1a7202db17a5f8e1869f4c2079ded869ac2"},
    {file = "grpcio_tools-1.64.1-cp312-cp312-win_amd64.whl", hash = "sha256:5ecfecf1da38fa9f0f95dd5f3314c04974be5af40264c520fbc1a9f4f5b1acca"},
    {file = "grpcio_tools-1.64.1.tar.gz", hash = "sha256:72b3550b91adb8354656ecf0f6d1d4611299044bae11fb1e7cc1d1bb66b8c1eb"},
]

[[package]]
name = "ntplib"
version = "0.4.0"
summary = "Python NTP library"
groups = ["default"]
files = [
    {file = "ntplib-0.4.0-py2.py3-none-any.whl", hash = "sha256:8d27375329ed7ff38755f7b6d4658b28edc147cadf40338a63a0da8133469d60"},
    {file = "ntplib-0.4.0.tar.gz", hash = "sha256:899d8fb5f8c2555213aea95efca02934c7343df6ace9d7628a5176b176906267"},
]

[[package]]
name = "protobuf"
version = "5.27.0"
requires_python = ">=3.8"
summary = ""
groups = ["default"]
files = [
    {file = "protobuf-5.27.0-cp310-abi3-win32.whl", hash = "sha256:2f83bf341d925650d550b8932b71763321d782529ac0eaf278f5242f513cc04e"},
    {file = "protobuf-5.27.0-cp310-abi3-win_amd64.whl", hash = "sha256:b276e3f477ea1eebff3c2e1515136cfcff5ac14519c45f9b4aa2f6a87ea627c4"},
    {file = "protobuf-5.27.0-cp38-abi3-macosx_10_9_universal2.whl", hash = "sha256:744489f77c29174328d32f8921566fb0f7080a2f064c5137b9d6f4b790f9e0c1"},
    {file = "protobuf-5.27.0-cp38-abi3-manylinux2014_aarch64.whl", hash = "sha256:f51f33d305e18646f03acfdb343aac15b8115235af98bc9f844bf9446573827b"},
    {file = "protobuf-5.27.0-cp38-abi3-manylinux2014_x86_64.whl", hash = "sha256:56937f97ae0dcf4e220ff2abb1456c51a334144c9960b23597f044ce99c29c89"},
    {file = "protobuf-5.27.0-py3-none-any.whl", hash = "sha256:673ad60f1536b394b4fa0bcd3146a4130fcad85bfe3b60eaa86d6a0ace0fa374"},
    {file = "protobuf-5.27.0.tar.gz", hash = "sha256:07f2b9a15255e3cf3f137d884af7972407b556a7a220912b252f26dc3121e6bf"},
]

[[package]]
name = "psutil"
version = "5.9.8"
requires_python = ">=2.7, !=3.0.*, !=3.1.*, !=3.2.*, !=3.3.*, !=3.4.*, !=3.5.*"
summary = "Cross-platform lib for process and system monitoring in Python."
groups = ["default"]
files = [
    {file = "psutil-5.9.8-cp36-abi3-macosx_10_9_x86_64.whl", hash = "sha256:aee678c8720623dc456fa20659af736241f575d79429a0e5e9cf88ae0605cc81"},
    {file = "psutil-5.9.8-cp36-abi3-manylinux_2_12_i686.manylinux2010_i686.manylinux_2_17_i686.manylinux2014_i686.whl", hash = "sha256:8cb6403ce6d8e047495a701dc7c5bd788add903f8986d523e3e20b98b733e421"},
    {file = "psutil-5.9.8-cp36-abi3-manylinux_2_12_x86_64.manylinux2010_x86_64.manylinux_2_17_x86_64.manylinux2014_x86_64.whl", hash = "sha256:d06016f7f8625a1825ba3732081d77c94589dca78b7a3fc072194851e88461a4"},
    {file = "psutil-5.9.8-cp37-abi3-win32.whl", hash = "sha256:bc56c2a1b0d15aa3eaa5a60c9f3f8e3e565303b465dbf57a1b730e7a2b9844e0"},
    {file = "psutil-5.9.8-cp37-abi3-win_amd64.whl", hash = "sha256:8db4c1b57507eef143a15a6884ca10f7c73876cdf5d51e713151c1236a0e68cf"},
    {file = "psutil-5.9.8-cp38-abi3-macosx_11_0_arm64.whl", hash = "sha256:d16bbddf0693323b8c6123dd804100241da461e41d6e332fb0ba6058f630f8c8"},
    {file = "psutil-5.9.8.tar.gz", hash = "sha256:6be126e3225486dff286a8fb9a06246a5253f4c7c53b475ea5f5ac934e64194c"},
]

[[package]]
name = "scapy"
version = "2.5.0"
requires_python = ">=2.7, !=3.0.*, !=3.1.*, !=3.2.*, !=3.3.*, <4"
summary = "Scapy: interactive packet manipulation tool"
groups = ["default"]
files = [
    {file = "scapy-2.5.0.tar.gz", hash = "sha256:5b260c2b754fd8d409ba83ee7aee294ecdbb2c235f9f78fe90bc11cb6e5debc2"},
]

[[package]]
name = "setuptools"
version = "70.0.0"
requires_python = ">=3.8"
summary = "Easily download, build, install, upgrade, and uninstall Python packages"
groups = ["default"]
files = [
    {file = "setuptools-70.0.0-py3-none-any.whl", hash = "sha256:54faa7f2e8d2d11bcd2c07bed282eef1046b5c080d1c32add737d7b5817b1ad4"},
    {file = "setuptools-70.0.0.tar.gz", hash = "sha256:f211a66637b8fa059bb28183da127d4e86396c991a942b028c6650d4319c3fd0"},
]
